{
  "name": "admin-bootstrap",
  "version": "1.0.0",
  "lockfileVersion": 3,
  "requires": true,
  "packages": {
    "": {
      "name": "admin-bootstrap",
      "version": "1.0.0",
      "license": "ISC",
      "dependencies": {
        "bootstrap": "^5.3.3",
        "gridjs": "^6.2.0",
        "sass": "1.2",
        "sweetalert2": "^11.6.13",
        "tippy.js": "^6.3.7"
      }
    },
    "node_modules/@popperjs/core": {
      "version": "2.11.8",
      "resolved": "https://registry.npmjs.org/@popperjs/core/-/core-2.11.8.tgz",
      "integrity": "sha512-P1st0aksCrn9sGZhp8GMYwBnQsbvAWsZAX44oXNNvLHGqAOcoVxmjZiohstwQ7SqKnbR47akdNi+uleWD8+g6A==",
      "funding": {
        "type": "opencollective",
        "url": "https://opencollective.com/popperjs"
      }
    },
    "node_modules/bootstrap": {
      "version": "5.3.3",
      "resolved": "https://registry.npmjs.org/bootstrap/-/bootstrap-5.3.3.tgz",
      "integrity": "sha512-8HLCdWgyoMguSO9o+aH+iuZ+aht+mzW0u3HIMzVu7Srrpv7EBBxTnrFlSCskwdY1+EOFQSm7uMJhNQHkdPcmjg==",
      "funding": [
        {
          "type": "github",
          "url": "https://github.com/sponsors/twbs"
        },
        {
          "type": "opencollective",
          "url": "https://opencollective.com/bootstrap"
        }
      ],
      "peerDependencies": {
        "@popperjs/core": "^2.11.8"
      }
    },
    "node_modules/gridjs": {
      "version": "6.2.0",
      "resolved": "https://registry.npmjs.org/gridjs/-/gridjs-6.2.0.tgz",
      "integrity": "sha512-EAGGfHjyEXWh12Txs6DjTGnWTo226wbowtMrLI+yNZQaJpvs0m7yDcyM7r+D4RA7rZQVj/cfmwEaRz/rlxg8LA==",
      "dependencies": {
        "preact": "^10.11.3"
      }
    },
    "node_modules/preact": {
      "version": "10.25.1",
      "resolved": "https://registry.npmjs.org/preact/-/preact-10.25.1.tgz",
      "integrity": "sha512-frxeZV2vhQSohQwJ7FvlqC40ze89+8friponWUFeVEkaCfhC6Eu4V0iND5C9CXz8JLndV07QRDeXzH1+Anz5Og==",
      "funding": {
        "type": "opencollective",
        "url": "https://opencollective.com/preact"
      }
    },
    "node_modules/sass": {
      "version": "1.2.1",
      "resolved": "https://registry.npmjs.org/sass/-/sass-1.2.1.tgz",
      "integrity": "sha512-y1dN4TSLSlvKNvwdxLD6gH7T5yQc59CLtwD4+Tv0IYS964KWBAqb4/EQH6usyzko8jnKdJgYlM5uVghBOwP9bA==",
      "bin": {
        "sass": "sass.js"
      },
      "engines": {
        "node": ">=0.11.8"
      }
    },
    "node_modules/sweetalert2": {
      "version": "11.6.13",
      "resolved": "https://registry.npmjs.org/sweetalert2/-/sweetalert2-11.6.13.tgz",
      "integrity": "sha512-n5yVF0FNx1lm4XzpPyb1HIaiptzODfVyeCzmB809tpK+1bPdoKoevKOxYjrtId75DV7xuIp4r6cjn8xUAB8dPQ==",
      "funding": {
        "type": "individual",
        "url": "https://github.com/sponsors/limonte"
      }
    },
    "node_modules/tippy.js": {
      "version": "6.3.7",
      "resolved": "https://registry.npmjs.org/tippy.js/-/tippy.js-6.3.7.tgz",
      "integrity": "sha512-E1d3oP2emgJ9dRQZdf3Kkn0qJgI6ZLpyS5z6ZkY1DF3kaQaBsGZsndEpHwx+eC+tYM41HaSNvNtLx8tU57FzTQ==",
      "dependencies": {
        "@popperjs/core": "^2.9.0"
      }
    }
  }
}
